
Microsoft Visual Studio Solution File, Format Version 12.00
# Visual Studio Version 17
VisualStudioVersion = 17.3.32922.545
MinimumVisualStudioVersion = 10.0.40219.1
Project("{FAE04EC0-301F-11D3-BF4B-00C04F79EFBC}") = "R10546040THKuoAss07", "R10546040THKuoAss07\R10546040THKuoAss07.csproj", "{5D81016F-E7AD-46F2-B77E-E3CDDF547177}"
EndProject
Project("{FAE04EC0-301F-11D3-BF4B-00C04F79EFBC}") = "MyGALibrary", "MyGALibrary\MyGALibrary.csproj", "{0D5497CF-4001-4AFE-8866-96474E9603F2}"
EndProject
Global
	GlobalSection(SolutionConfigurationPlatforms) = preSolution
		Debug|Any CPU = Debug|Any CPU
		Release|Any CPU = Release|Any CPU
	EndGlobalSection
	GlobalSection(ProjectConfigurationPlatforms) = postSolution
		{5D81016F-E7AD-46F2-B77E-E3CDDF547177}.Debug|Any CPU.ActiveCfg = Debug|Any CPU
		{5D81016F-E7AD-46F2-B77E-E3CDDF547177}.Debug|Any CPU.Build.0 = Debug|Any CPU
		{5D81016F-E7AD-46F2-B77E-E3CDDF547177}.Release|Any CPU.ActiveCfg = Release|Any CPU
		{5D81016F-E7AD-46F2-B77E-E3CDDF547177}.Release|Any CPU.Build.0 = Release|Any CPU
		{0D5497CF-4001-4AFE-8866-96474E9603F2}.Debug|Any CPU.ActiveCfg = Debug|Any CPU
		{0D5497CF-4001-4AFE-8866-96474E9603F2}.Debug|Any CPU.Build.0 = Debug|Any CPU
		{0D5497CF-4001-4AFE-8866-96474E9603F2}.Release|Any CPU.ActiveCfg = Release|Any CPU
		{0D5497CF-4001-4AFE-8866-96474E9603F2}.Release|Any CPU.Build.0 = Release|Any CPU
	EndGlobalSection
	GlobalSection(SolutionProperties) = preSolution
		HideSolutionNode = FALSE
	EndGlobalSection
	GlobalSection(ExtensibilityGlobals) = postSolution
		SolutionGuid = {A314C505-8C92-48D7-AAC2-B62B88D4A30E}
	EndGlobalSection
EndGlobal
